
Microsoft Visual Studio Solution File, Format Version 12.00
# Visual Studio 15
VisualStudioVersion = 15.0.26730.16
MinimumVisualStudioVersion = 10.0.40219.1
Project("{FAE04EC0-301F-11D3-BF4B-00C04F79EFBC}") = "autoqms", "autoqms\autoqms.csproj", "{6868C942-829B-4788-A26D-EA10A226F052}"
EndProject
Global
	GlobalSection(SolutionConfigurationPlatforms) = preSolution
		Debug|Any CPU = Debug|Any CPU
		Release|Any CPU = Release|Any CPU
	EndGlobalSection
	GlobalSection(ProjectConfigurationPlatforms) = postSolution
		{6868C942-829B-4788-A26D-EA10A226F052}.Debug|Any CPU.ActiveCfg = Debug|Any CPU
		{6868C942-829B-4788-A26D-EA10A226F052}.Debug|Any CPU.Build.0 = Debug|Any CPU
		{6868C942-829B-4788-A26D-EA10A226F052}.Release|Any CPU.ActiveCfg = Release|Any CPU
		{6868C942-829B-4788-A26D-EA10A226F052}.Release|Any CPU.Build.0 = Release|Any CPU
	EndGlobalSection
	GlobalSection(SolutionProperties) = preSolution
		HideSolutionNode = FALSE
	EndGlobalSection
	GlobalSection(ExtensibilityGlobals) = postSolution
		SolutionGuid = {42BDC062-D80B-402C-A2C3-FFF8B1BEA561}
	EndGlobalSection
EndGlobal
